
Microsoft Visual Studio Solution File, Format Version 12.00
# Visual Studio 15
VisualStudioVersion = 15.0.27130.2010
MinimumVisualStudioVersion = 10.0.40219.1
Project("{9A19103F-16F7-4668-BE54-9A1E7A4F7556}") = "PimpMyRide.Web", "PimpMyRide.Web\PimpMyRide.Web.csproj", "{4D86EE2F-7944-4E04-B100-9E9E5A09C1CD}"
EndProject
Project("{9A19103F-16F7-4668-BE54-9A1E7A4F7556}") = "PimpMyRide.Data", "PimpMyRide.Data\PimpMyRide.Data.csproj", "{5CFF8B40-6DF4-4D50-A183-BE91EDEC20C2}"
EndProject
Project("{FAE04EC0-301F-11D3-BF4B-00C04F79EFBC}") = "PimpMyRide.Services", "PimpMyRide.Services\PimpMyRide.Services.csproj", "{C2DDB5CE-8164-446F-B17A-D32F9775E498}"
EndProject
Project("{FAE04EC0-301F-11D3-BF4B-00C04F79EFBC}") = "PimpMyRide.Common", "PimpMyRide.Common\PimpMyRide.Common.csproj", "{FB3F0A52-A824-4E11-88FA-DF849A3D53A0}"
EndProject
Global
	GlobalSection(SolutionConfigurationPlatforms) = preSolution
		Debug|Any CPU = Debug|Any CPU
		Release|Any CPU = Release|Any CPU
	EndGlobalSection
	GlobalSection(ProjectConfigurationPlatforms) = postSolution
		{4D86EE2F-7944-4E04-B100-9E9E5A09C1CD}.Debug|Any CPU.ActiveCfg = Debug|Any CPU
		{4D86EE2F-7944-4E04-B100-9E9E5A09C1CD}.Debug|Any CPU.Build.0 = Debug|Any CPU
		{4D86EE2F-7944-4E04-B100-9E9E5A09C1CD}.Release|Any CPU.ActiveCfg = Release|Any CPU
		{4D86EE2F-7944-4E04-B100-9E9E5A09C1CD}.Release|Any CPU.Build.0 = Release|Any CPU
		{5CFF8B40-6DF4-4D50-A183-BE91EDEC20C2}.Debug|Any CPU.ActiveCfg = Debug|Any CPU
		{5CFF8B40-6DF4-4D50-A183-BE91EDEC20C2}.Debug|Any CPU.Build.0 = Debug|Any CPU
		{5CFF8B40-6DF4-4D50-A183-BE91EDEC20C2}.Release|Any CPU.ActiveCfg = Release|Any CPU
		{5CFF8B40-6DF4-4D50-A183-BE91EDEC20C2}.Release|Any CPU.Build.0 = Release|Any CPU
		{C2DDB5CE-8164-446F-B17A-D32F9775E498}.Debug|Any CPU.ActiveCfg = Debug|Any CPU
		{C2DDB5CE-8164-446F-B17A-D32F9775E498}.Debug|Any CPU.Build.0 = Debug|Any CPU
		{C2DDB5CE-8164-446F-B17A-D32F9775E498}.Release|Any CPU.ActiveCfg = Release|Any CPU
		{C2DDB5CE-8164-446F-B17A-D32F9775E498}.Release|Any CPU.Build.0 = Release|Any CPU
		{FB3F0A52-A824-4E11-88FA-DF849A3D53A0}.Debug|Any CPU.ActiveCfg = Debug|Any CPU
		{FB3F0A52-A824-4E11-88FA-DF849A3D53A0}.Debug|Any CPU.Build.0 = Debug|Any CPU
		{FB3F0A52-A824-4E11-88FA-DF849A3D53A0}.Release|Any CPU.ActiveCfg = Release|Any CPU
		{FB3F0A52-A824-4E11-88FA-DF849A3D53A0}.Release|Any CPU.Build.0 = Release|Any CPU
	EndGlobalSection
	GlobalSection(SolutionProperties) = preSolution
		HideSolutionNode = FALSE
	EndGlobalSection
	GlobalSection(ExtensibilityGlobals) = postSolution
		SolutionGuid = {D3F751F0-6AFE-48A2-B082-73F86C0CC565}
	EndGlobalSection
EndGlobal
